// !$*UTF8*$!
{
	archiveVersion = 1;
	classes = {
	};
	objectVersion = 77;
	objects = {

/* Begin PBXBuildFile section */
		664436292D7DBF2900436648 /* Quick in Frameworks */ = {isa = PBXBuildFile; productRef = 664436282D7DBF2900436648 /* Quick */; };
		6644362C2D7DBF3900436648 /* Nimble in Frameworks */ = {isa = PBXBuildFile; productRef = 6644362B2D7DBF3900436648 /* Nimble */; };
/* End PBXBuildFile section */

/* Begin PBXContainerItemProxy section */
		664435C52D7D762B00436648 /* PBXContainerItemProxy */ = {
			isa = PBXContainerItemProxy;
			containerPortal = 664435AC2D7D762A00436648 /* Project object */;
			proxyType = 1;
			remoteGlobalIDString = 664435B32D7D762A00436648;
			remoteInfo = CodesSearchApp;
		};
		664435CF2D7D762B00436648 /* PBXContainerItemProxy */ = {
			isa = PBXContainerItemProxy;
			containerPortal = 664435AC2D7D762A00436648 /* Project object */;
			proxyType = 1;
			remoteGlobalIDString = 664435B32D7D762A00436648;
			remoteInfo = CodesSearchApp;
		};
/* End PBXContainerItemProxy section */

/* Begin PBXFileReference section */
		664435B42D7D762A00436648 /* CodesSearchApp.app */ = {isa = PBXFileReference; explicitFileType = wrapper.application; includeInIndex = 0; path = CodesSearchApp.app; sourceTree = BUILT_PRODUCTS_DIR; };
		664435C42D7D762B00436648 /* CodesSearchAppTests.xctest */ = {isa = PBXFileReference; explicitFileType = wrapper.cfbundle; includeInIndex = 0; path = CodesSearchAppTests.xctest; sourceTree = BUILT_PRODUCTS_DIR; };
		664435CE2D7D762B00436648 /* CodesSearchAppUITests.xctest */ = {isa = PBXFileReference; explicitFileType = wrapper.cfbundle; includeInIndex = 0; path = CodesSearchAppUITests.xctest; sourceTree = BUILT_PRODUCTS_DIR; };
/* End PBXFileReference section */

/* Begin PBXFileSystemSynchronizedRootGroup section */
		664435B62D7D762A00436648 /* CodesSearchApp */ = {
			isa = PBXFileSystemSynchronizedRootGroup;
			path = CodesSearchApp;
			sourceTree = "<group>";
		};
		664435C72D7D762B00436648 /* CodesSearchAppTests */ = {
			isa = PBXFileSystemSynchronizedRootGroup;
			path = CodesSearchAppTests;
			sourceTree = "<group>";
		};
		664435D12D7D762B00436648 /* CodesSearchAppUITests */ = {
			isa = PBXFileSystemSynchronizedRootGroup;
			path = CodesSearchAppUITests;
			sourceTree = "<group>";
		};
/* End PBXFileSystemSynchronizedRootGroup section */

/* Begin PBXFrameworksBuildPhase section */
		664435B12D7D762A00436648 /* Frameworks */ = {
			isa = PBXFrameworksBuildPhase;
			buildActionMask = 2147483647;
			files = (
			);
			runOnlyForDeploymentPostprocessing = 0;
		};
		664435C12D7D762B00436648 /* Frameworks */ = {
			isa = PBXFrameworksBuildPhase;
			buildActionMask = 2147483647;
			files = (
				664436292D7DBF2900436648 /* Quick in Frameworks */,
				6644362C2D7DBF3900436648 /* Nimble in Frameworks */,
			);
			runOnlyForDeploymentPostprocessing = 0;
		};
		664435CB2D7D762B00436648 /* Frameworks */ = {
			isa = PBXFrameworksBuildPhase;
			buildActionMask = 2147483647;
			files = (
			);
			runOnlyForDeploymentPostprocessing = 0;
		};
/* End PBXFrameworksBuildPhase section */

/* Begin PBXGroup section */
		664435AB2D7D762A00436648 = {
			isa = PBXGroup;
			children = (
				664435B62D7D762A00436648 /* CodesSearchApp */,
				664435C72D7D762B00436648 /* CodesSearchAppTests */,
				664435D12D7D762B00436648 /* CodesSearchAppUITests */,
				664435B52D7D762A00436648 /* Products */,
			);
			sourceTree = "<group>";
		};
		664435B52D7D762A00436648 /* Products */ = {
			isa = PBXGroup;
			children = (
				664435B42D7D762A00436648 /* CodesSearchApp.app */,
				664435C42D7D762B00436648 /* CodesSearchAppTests.xctest */,
				664435CE2D7D762B00436648 /* CodesSearchAppUITests.xctest */,
			);
			name = Products;
			sourceTree = "<group>";
		};
/* End PBXGroup section */

/* Begin PBXNativeTarget section */
		664435B32D7D762A00436648 /* CodesSearchApp */ = {
			isa = PBXNativeTarget;
			buildConfigurationList = 664435D82D7D762B00436648 /* Build configuration list for PBXNativeTarget "CodesSearchApp" */;
			buildPhases = (
				664435B02D7D762A00436648 /* Sources */,
				664435B12D7D762A00436648 /* Frameworks */,
				664435B22D7D762A00436648 /* Resources */,
			);
			buildRules = (
			);
			dependencies = (
			);
			fileSystemSynchronizedGroups = (
				664435B62D7D762A00436648 /* CodesSearchApp */,
			);
			name = CodesSearchApp;
			packageProductDependencies = (
			);
			productName = CodesSearchApp;
			productReference = 664435B42D7D762A00436648 /* CodesSearchApp.app */;
			productType = "com.apple.product-type.application";
		};
		664435C32D7D762B00436648 /* CodesSearchAppTests */ = {
			isa = PBXNativeTarget;
			buildConfigurationList = 664435DB2D7D762B00436648 /* Build configuration list for PBXNativeTarget "CodesSearchAppTests" */;
			buildPhases = (
				664435C02D7D762B00436648 /* Sources */,
				664435C12D7D762B00436648 /* Frameworks */,
				664435C22D7D762B00436648 /* Resources */,
			);
			buildRules = (
			);
			dependencies = (
				664435C62D7D762B00436648 /* PBXTargetDependency */,
			);
			fileSystemSynchronizedGroups = (
				664435C72D7D762B00436648 /* CodesSearchAppTests */,
			);
			name = CodesSearchAppTests;
			packageProductDependencies = (
				664436282D7DBF2900436648 /* Quick */,
				6644362B2D7DBF3900436648 /* Nimble */,
			);
			productName = CodesSearchAppTests;
			productReference = 664435C42D7D762B00436648 /* CodesSearchAppTests.xctest */;
			productType = "com.apple.product-type.bundle.unit-test";
		};
		664435CD2D7D762B00436648 /* CodesSearchAppUITests */ = {
			isa = PBXNativeTarget;
			buildConfigurationList = 664435DE2D7D762B00436648 /* Build configuration list for PBXNativeTarget "CodesSearchAppUITests" */;
			buildPhases = (
				664435CA2D7D762B00436648 /* Sources */,
				664435CB2D7D762B00436648 /* Frameworks */,
				664435CC2D7D762B00436648 /* Resources */,
			);
			buildRules = (
			);
			dependencies = (
				664435D02D7D762B00436648 /* PBXTargetDependency */,
			);
			fileSystemSynchronizedGroups = (
				664435D12D7D762B00436648 /* CodesSearchAppUITests */,
			);
			name = CodesSearchAppUITests;
			packageProductDependencies = (
			);
			productName = CodesSearchAppUITests;
			productReference = 664435CE2D7D762B00436648 /* CodesSearchAppUITests.xctest */;
			productType = "com.apple.product-type.bundle.ui-testing";
		};
/* End PBXNativeTarget section */

/* Begin PBXProject section */
		664435AC2D7D762A00436648 /* Project object */ = {
			isa = PBXProject;
			attributes = {
				BuildIndependentTargetsInParallel = 1;
				LastSwiftUpdateCheck = 1620;
				LastUpgradeCheck = 1620;
				TargetAttributes = {
					664435B32D7D762A00436648 = {
						CreatedOnToolsVersion = 16.2;
					};
					664435C32D7D762B00436648 = {
						CreatedOnToolsVersion = 16.2;
						LastSwiftMigration = 1620;
						TestTargetID = 664435B32D7D762A00436648;
					};
					664435CD2D7D762B00436648 = {
						CreatedOnToolsVersion = 16.2;
						TestTargetID = 664435B32D7D762A00436648;
					};
				};
			};
			buildConfigurationList = 664435AF2D7D762A00436648 /* Build configuration list for PBXProject "CodesSearchApp" */;
			developmentRegion = en;
			hasScannedForEncodings = 0;
			knownRegions = (
				en,
				Base,
			);
			mainGroup = 664435AB2D7D762A00436648;
			minimizedProjectReferenceProxies = 1;
			packageReferences = (
				664436272D7DBF2900436648 /* XCRemoteSwiftPackageReference "Quick" */,
				6644362A2D7DBF3900436648 /* XCRemoteSwiftPackageReference "Nimble" */,
			);
			preferredProjectObjectVersion = 77;
			productRefGroup = 664435B52D7D762A00436648 /* Products */;
			projectDirPath = "";
			projectRoot = "";
			targets = (
				664435B32D7D762A00436648 /* CodesSearchApp */,
				664435C32D7D762B00436648 /* CodesSearchAppTests */,
				664435CD2D7D762B00436648 /* CodesSearchAppUITests */,
			);
		};
/* End PBXProject section */

/* Begin PBXResourcesBuildPhase section */
		664435B22D7D762A00436648 /* Resources */ = {
			isa = PBXResourcesBuildPhase;
			buildActionMask = 2147483647;
			files = (
			);
			runOnlyForDeploymentPostprocessing = 0;
		};
		664435C22D7D762B00436648 /* Resources */ = {
			isa = PBXResourcesBuildPhase;
			buildActionMask = 2147483647;
			files = (
			);
			runOnlyForDeploymentPostprocessing = 0;
		};
		664435CC2D7D762B00436648 /* Resources */ = {
			isa = PBXResourcesBuildPhase;
			buildActionMask = 2147483647;
			files = (
			);
			runOnlyForDeploymentPostprocessing = 0;
		};
/* End PBXResourcesBuildPhase section */

/* Begin PBXSourcesBuildPhase section */
		664435B02D7D762A00436648 /* Sources */ = {
			isa = PBXSourcesBuildPhase;
			buildActionMask = 2147483647;
			files = (
			);
			runOnlyForDeploymentPostprocessing = 0;
		};
		664435C02D7D762B00436648 /* Sources */ = {
			isa = PBXSourcesBuildPhase;
			buildActionMask = 2147483647;
			files = (
			);
			runOnlyForDeploymentPostprocessing = 0;
		};
		664435CA2D7D762B00436648 /* Sources */ = {
			isa = PBXSourcesBuildPhase;
			buildActionMask = 2147483647;
			files = (
			);
			runOnlyForDeploymentPostprocessing = 0;
		};
/* End PBXSourcesBuildPhase section */

/* Begin PBXTargetDependency section */
		664435C62D7D762B00436648 /* PBXTargetDependency */ = {
			isa = PBXTargetDependency;
			target = 664435B32D7D762A00436648 /* CodesSearchApp */;
			targetProxy = 664435C52D7D762B00436648 /* PBXContainerItemProxy */;
		};
		664435D02D7D762B00436648 /* PBXTargetDependency */ = {
			isa = PBXTargetDependency;
			target = 664435B32D7D762A00436648 /* CodesSearchApp */;
			targetProxy = 664435CF2D7D762B00436648 /* PBXContainerItemProxy */;
		};
/* End PBXTargetDependency section */

/* Begin XCBuildConfiguration section */
		664435D62D7D762B00436648 /* Debug */ = {
			isa = XCBuildConfiguration;
			buildSettings = {
				ALWAYS_SEARCH_USER_PATHS = NO;
				ASSETCATALOG_COMPILER_GENERATE_SWIFT_ASSET_SYMBOL_EXTENSIONS = YES;
				CLANG_ANALYZER_NONNULL = YES;
				CLANG_ANALYZER_NUMBER_OBJECT_CONVERSION = YES_AGGRESSIVE;
				CLANG_CXX_LANGUAGE_STANDARD = "gnu++20";
				CLANG_ENABLE_MODULES = YES;
				CLANG_ENABLE_OBJC_ARC = YES;
				CLANG_ENABLE_OBJC_WEAK = YES;
				CLANG_WARN_BLOCK_CAPTURE_AUTORELEASING = YES;
				CLANG_WARN_BOOL_CONVERSION = YES;
				CLANG_WARN_COMMA = YES;
				CLANG_WARN_CONSTANT_CONVERSION = YES;
				CLANG_WARN_DEPRECATED_OBJC_IMPLEMENTATIONS = YES;
				CLANG_WARN_DIRECT_OBJC_ISA_USAGE = YES_ERROR;
				CLANG_WARN_DOCUMENTATION_COMMENTS = YES;
				CLANG_WARN_EMPTY_BODY = YES;
				CLANG_WARN_ENUM_CONVERSION = YES;
				CLANG_WARN_INFINITE_RECURSION = YES;
				CLANG_WARN_INT_CONVERSION = YES;
				CLANG_WARN_NON_LITERAL_NULL_CONVERSION = YES;
				CLANG_WARN_OBJC_IMPLICIT_RETAIN_SELF = YES;
				CLANG_WARN_OBJC_LITERAL_CONVERSION = YES;
				CLANG_WARN_OBJC_ROOT_CLASS = YES_ERROR;
				CLANG_WARN_QUOTED_INCLUDE_IN_FRAMEWORK_HEADER = YES;
				CLANG_WARN_RANGE_LOOP_ANALYSIS = YES;
				CLANG_WARN_STRICT_PROTOTYPES = YES;
				CLANG_WARN_SUSPICIOUS_MOVE = YES;
				CLANG_WARN_UNGUARDED_AVAILABILITY = YES_AGGRESSIVE;
				CLANG_WARN_UNREACHABLE_CODE = YES;
				CLANG_WARN__DUPLICATE_METHOD_MATCH = YES;
				COPY_PHASE_STRIP = NO;
				DEBUG_INFORMATION_FORMAT = dwarf;
				ENABLE_STRICT_OBJC_MSGSEND = YES;
				ENABLE_TESTABILITY = YES;
				ENABLE_USER_SCRIPT_SANDBOXING = YES;
				GCC_C_LANGUAGE_STANDARD = gnu17;
				GCC_DYNAMIC_NO_PIC = NO;
				GCC_NO_COMMON_BLOCKS = YES;
				GCC_OPTIMIZATION_LEVEL = 0;
				GCC_PREPROCESSOR_DEFINITIONS = (
					"DEBUG=1",
					"$(inherited)",
				);
				GCC_WARN_64_TO_32_BIT_CONVERSION = YES;
				GCC_WARN_ABOUT_RETURN_TYPE = YES_ERROR;
				GCC_WARN_UNDECLARED_SELECTOR = YES;
				GCC_WARN_UNINITIALIZED_AUTOS = YES_AGGRESSIVE;
				GCC_WARN_UNUSED_FUNCTION = YES;
				GCC_WARN_UNUSED_VARIABLE = YES;
				IPHONEOS_DEPLOYMENT_TARGET = 18.2;
				LOCALIZATION_PREFERS_STRING_CATALOGS = YES;
				MTL_ENABLE_DEBUG_INFO = INCLUDE_SOURCE;
				MTL_FAST_MATH = YES;
				ONLY_ACTIVE_ARCH = YES;
				SDKROOT = iphoneos;
				SWIFT_ACTIVE_COMPILATION_CONDITIONS = "DEBUG $(inherited)";
				SWIFT_OPTIMIZATION_LEVEL = "-Onone";
			};
			name = Debug;
		};
		664435D72D7D762B00436648 /* Release */ = {
			isa = XCBuildConfiguration;
			buildSettings = {
				ALWAYS_SEARCH_USER_PATHS = NO;
				ASSETCATALOG_COMPILER_GENERATE_SWIFT_ASSET_SYMBOL_EXTENSIONS = YES;
				CLANG_ANALYZER_NONNULL = YES;
				CLANG_ANALYZER_NUMBER_OBJECT_CONVERSION = YES_AGGRESSIVE;
				CLANG_CXX_LANGUAGE_STANDARD = "gnu++20";
				CLANG_ENABLE_MODULES = YES;
				CLANG_ENABLE_OBJC_ARC = YES;
				CLANG_ENABLE_OBJC_WEAK = YES;
				CLANG_WARN_BLOCK_CAPTURE_AUTORELEASING = YES;
				CLANG_WARN_BOOL_CONVERSION = YES;
				CLANG_WARN_COMMA = YES;
				CLANG_WARN_CONSTANT_CONVERSION = YES;
				CLANG_WARN_DEPRECATED_OBJC_IMPLEMENTATIONS = YES;
				CLANG_WARN_DIRECT_OBJC_ISA_USAGE = YES_ERROR;
				CLANG_WARN_DOCUMENTATION_COMMENTS = YES;
				CLANG_WARN_EMPTY_BODY = YES;
				CLANG_WARN_ENUM_CONVERSION = YES;
				CLANG_WARN_INFINITE_RECURSION = YES;
				CLANG_WARN_INT_CONVERSION = YES;
				CLANG_WARN_NON_LITERAL_NULL_CONVERSION = YES;
				CLANG_WARN_OBJC_IMPLICIT_RETAIN_SELF = YES;
				CLANG_WARN_OBJC_LITERAL_CONVERSION = YES;
				CLANG_WARN_OBJC_ROOT_CLASS = YES_ERROR;
				CLANG_WARN_QUOTED_INCLUDE_IN_FRAMEWORK_HEADER = YES;
				CLANG_WARN_RANGE_LOOP_ANALYSIS = YES;
				CLANG_WARN_STRICT_PROTOTYPES = YES;
				CLANG_WARN_SUSPICIOUS_MOVE = YES;
				CLANG_WARN_UNGUARDED_AVAILABILITY = YES_AGGRESSIVE;
				CLANG_WARN_UNREACHABLE_CODE = YES;
				CLANG_WARN__DUPLICATE_METHOD_MATCH = YES;
				COPY_PHASE_STRIP = NO;
				DEBUG_INFORMATION_FORMAT = "dwarf-with-dsym";
				ENABLE_NS_ASSERTIONS = NO;
				ENABLE_STRICT_OBJC_MSGSEND = YES;
				ENABLE_USER_SCRIPT_SANDBOXING = YES;
				GCC_C_LANGUAGE_STANDARD = gnu17;
				GCC_NO_COMMON_BLOCKS = YES;
				GCC_WARN_64_TO_32_BIT_CONVERSION = YES;
				GCC_WARN_ABOUT_RETURN_TYPE = YES_ERROR;
				GCC_WARN_UNDECLARED_SELECTOR = YES;
				GCC_WARN_UNINITIALIZED_AUTOS = YES_AGGRESSIVE;
				GCC_WARN_UNUSED_FUNCTION = YES;
				GCC_WARN_UNUSED_VARIABLE = YES;
				IPHONEOS_DEPLOYMENT_TARGET = 18.2;
				LOCALIZATION_PREFERS_STRING_CATALOGS = YES;
				MTL_ENABLE_DEBUG_INFO = NO;
				MTL_FAST_MATH = YES;
				SDKROOT = iphoneos;
				SWIFT_COMPILATION_MODE = wholemodule;
				VALIDATE_PRODUCT = YES;
			};
			name = Release;
		};
		664435D92D7D762B00436648 /* Debug */ = {
			isa = XCBuildConfiguration;
			buildSettings = {
				ASSETCATALOG_COMPILER_APPICON_NAME = AppIcon;
				ASSETCATALOG_COMPILER_GLOBAL_ACCENT_COLOR_NAME = AccentColor;
				CODE_SIGN_STYLE = Automatic;
				CURRENT_PROJECT_VERSION = 1;
				DEVELOPMENT_TEAM = U64B7353Q7;
				ENABLE_PREVIEWS = YES;
				GENERATE_INFOPLIST_FILE = YES;
				INFOPLIST_KEY_UIApplicationSceneManifest_Generation = YES;
				INFOPLIST_KEY_UIApplicationSupportsIndirectInputEvents = YES;
				INFOPLIST_KEY_UILaunchScreen_Generation = YES;
				INFOPLIST_KEY_UISupportedInterfaceOrientations_iPad = "UIInterfaceOrientationPortrait UIInterfaceOrientationPortraitUpsideDown UIInterfaceOrientationLandscapeLeft UIInterfaceOrientationLandscapeRight";
				INFOPLIST_KEY_UISupportedInterfaceOrientations_iPhone = "UIInterfaceOrientationPortrait UIInterfaceOrientationLandscapeLeft UIInterfaceOrientationLandscapeRight";
				LD_RUNPATH_SEARCH_PATHS = (
					"$(inherited)",
					"@executable_path/Frameworks",
				);
				MARKETING_VERSION = 1.0;
				PRODUCT_BUNDLE_IDENTIFIER = com.adam.example.setup.CodesSearchApp;
				PRODUCT_NAME = "$(TARGET_NAME)";
				SWIFT_EMIT_LOC_STRINGS = YES;
				SWIFT_VERSION = 5.0;
				TARGETED_DEVICE_FAMILY = "1,2";
			};
			name = Debug;
		};
		664435DA2D7D762B00436648 /* Release */ = {
			isa = XCBuildConfiguration;
			buildSettings = {
				ASSETCATALOG_COMPILER_APPICON_NAME = AppIcon;
				ASSETCATALOG_COMPILER_GLOBAL_ACCENT_COLOR_NAME = AccentColor;
				CODE_SIGN_STYLE = Automatic;
				CURRENT_PROJECT_VERSION = 1;
				DEVELOPMENT_TEAM = U64B7353Q7;
				ENABLE_PREVIEWS = YES;
				GENERATE_INFOPLIST_FILE = YES;
				INFOPLIST_KEY_UIApplicationSceneManifest_Generation = YES;
				INFOPLIST_KEY_UIApplicationSupportsIndirectInputEvents = YES;
				INFOPLIST_KEY_UILaunchScreen_Generation = YES;
				INFOPLIST_KEY_UISupportedInterfaceOrientations_iPad = "UIInterfaceOrientationPortrait UIInterfaceOrientationPortraitUpsideDown UIInterfaceOrientationLandscapeLeft UIInterfaceOrientationLandscapeRight";
				INFOPLIST_KEY_UISupportedInterfaceOrientations_iPhone = "UIInterfaceOrientationPortrait UIInterfaceOrientationLandscapeLeft UIInterfaceOrientationLandscapeRight";
				LD_RUNPATH_SEARCH_PATHS = (
					"$(inherited)",
					"@executable_path/Frameworks",
				);
				MARKETING_VERSION = 1.0;
				PRODUCT_BUNDLE_IDENTIFIER = com.adam.example.setup.CodesSearchApp;
				PRODUCT_NAME = "$(TARGET_NAME)";
				SWIFT_EMIT_LOC_STRINGS = YES;
				SWIFT_VERSION = 5.0;
				TARGETED_DEVICE_FAMILY = "1,2";
			};
			name = Release;
		};
		664435DC2D7D762B00436648 /* Debug */ = {
			isa = XCBuildConfiguration;
			buildSettings = {
				BUNDLE_LOADER = "$(TEST_HOST)";
				CLANG_ENABLE_MODULES = YES;
				CODE_SIGN_STYLE = Automatic;
				CURRENT_PROJECT_VERSION = 1;
				DEVELOPMENT_TEAM = U64B7353Q7;
				GENERATE_INFOPLIST_FILE = YES;
				IPHONEOS_DEPLOYMENT_TARGET = 18.2;
				MARKETING_VERSION = 1.0;
				PRODUCT_BUNDLE_IDENTIFIER = com.adam.example.setup.CodesSearchAppTests;
				PRODUCT_NAME = "$(TARGET_NAME)";
				SWIFT_EMIT_LOC_STRINGS = NO;
				SWIFT_OPTIMIZATION_LEVEL = "-Onone";
				SWIFT_VERSION = 5.0;
				TARGETED_DEVICE_FAMILY = "1,2";
				TEST_HOST = "$(BUILT_PRODUCTS_DIR)/CodesSearchApp.app/$(BUNDLE_EXECUTABLE_FOLDER_PATH)/CodesSearchApp";
			};
			name = Debug;
		};
		664435DD2D7D762B00436648 /* Release */ = {
			isa = XCBuildConfiguration;
			buildSettings = {
				BUNDLE_LOADER = "$(TEST_HOST)";
				CLANG_ENABLE_MODULES = YES;
				CODE_SIGN_STYLE = Automatic;
				CURRENT_PROJECT_VERSION = 1;
				DEVELOPMENT_TEAM = U64B7353Q7;
				GENERATE_INFOPLIST_FILE = YES;
				IPHONEOS_DEPLOYMENT_TARGET = 18.2;
				MARKETING_VERSION = 1.0;
				PRODUCT_BUNDLE_IDENTIFIER = com.adam.example.setup.CodesSearchAppTests;
				PRODUCT_NAME = "$(TARGET_NAME)";
				SWIFT_EMIT_LOC_STRINGS = NO;
				SWIFT_VERSION = 5.0;
				TARGETED_DEVICE_FAMILY = "1,2";
				TEST_HOST = "$(BUILT_PRODUCTS_DIR)/CodesSearchApp.app/$(BUNDLE_EXECUTABLE_FOLDER_PATH)/CodesSearchApp";
			};
			name = Release;
		};
		664435DF2D7D762B00436648 /* Debug */ = {
			isa = XCBuildConfiguration;
			buildSettings = {
				CODE_SIGN_STYLE = Automatic;
				CURRENT_PROJECT_VERSION = 1;
				DEVELOPMENT_TEAM = U64B7353Q7;
				GENERATE_INFOPLIST_FILE = YES;
				MARKETING_VERSION = 1.0;
				PRODUCT_BUNDLE_IDENTIFIER = com.adam.example.setup.CodesSearchAppUITests;
				PRODUCT_NAME = "$(TARGET_NAME)";
				SWIFT_EMIT_LOC_STRINGS = NO;
				SWIFT_VERSION = 5.0;
				TARGETED_DEVICE_FAMILY = "1,2";
				TEST_TARGET_NAME = CodesSearchApp;
			};
			name = Debug;
		};
		664435E02D7D762B00436648 /* Release */ = {
			isa = XCBuildConfiguration;
			buildSettings = {
				CODE_SIGN_STYLE = Automatic;
				CURRENT_PROJECT_VERSION = 1;
				DEVELOPMENT_TEAM = U64B7353Q7;
				GENERATE_INFOPLIST_FILE = YES;
				MARKETING_VERSION = 1.0;
				PRODUCT_BUNDLE_IDENTIFIER = com.adam.example.setup.CodesSearchAppUITests;
				PRODUCT_NAME = "$(TARGET_NAME)";
				SWIFT_EMIT_LOC_STRINGS = NO;
				SWIFT_VERSION = 5.0;
				TARGETED_DEVICE_FAMILY = "1,2";
				TEST_TARGET_NAME = CodesSearchApp;
			};
			name = Release;
		};
/* End XCBuildConfiguration section */

/* Begin XCConfigurationList section */
		664435AF2D7D762A00436648 /* Build configuration list for PBXProject "CodesSearchApp" */ = {
			isa = XCConfigurationList;
			buildConfigurations = (
				664435D62D7D762B00436648 /* Debug */,
				664435D72D7D762B00436648 /* Release */,
			);
			defaultConfigurationIsVisible = 0;
			defaultConfigurationName = Release;
		};
		664435D82D7D762B00436648 /* Build configuration list for PBXNativeTarget "CodesSearchApp" */ = {
			isa = XCConfigurationList;
			buildConfigurations = (
				664435D92D7D762B00436648 /* Debug */,
				664435DA2D7D762B00436648 /* Release */,
			);
			defaultConfigurationIsVisible = 0;
			defaultConfigurationName = Release;
		};
		664435DB2D7D762B00436648 /* Build configuration list for PBXNativeTarget "CodesSearchAppTests" */ = {
			isa = XCConfigurationList;
			buildConfigurations = (
				664435DC2D7D762B00436648 /* Debug */,
				664435DD2D7D762B00436648 /* Release */,
			);
			defaultConfigurationIsVisible = 0;
			defaultConfigurationName = Release;
		};
		664435DE2D7D762B00436648 /* Build configuration list for PBXNativeTarget "CodesSearchAppUITests" */ = {
			isa = XCConfigurationList;
			buildConfigurations = (
				664435DF2D7D762B00436648 /* Debug */,
				664435E02D7D762B00436648 /* Release */,
			);
			defaultConfigurationIsVisible = 0;
			defaultConfigurationName = Release;
		};
/* End XCConfigurationList section */

/* Begin XCRemoteSwiftPackageReference section */
		664436272D7DBF2900436648 /* XCRemoteSwiftPackageReference "Quick" */ = {
			isa = XCRemoteSwiftPackageReference;
			repositoryURL = "https://github.com/Quick/Quick.git";
			requirement = {
				branch = main;
				kind = branch;
			};
		};
		6644362A2D7DBF3900436648 /* XCRemoteSwiftPackageReference "Nimble" */ = {
			isa = XCRemoteSwiftPackageReference;
			repositoryURL = "https://github.com/Quick/Nimble.git";
			requirement = {
				branch = main;
				kind = branch;
			};
		};
/* End XCRemoteSwiftPackageReference section */

/* Begin XCSwiftPackageProductDependency section */
		664436282D7DBF2900436648 /* Quick */ = {
			isa = XCSwiftPackageProductDependency;
			package = 664436272D7DBF2900436648 /* XCRemoteSwiftPackageReference "Quick" */;
			productName = Quick;
		};
		6644362B2D7DBF3900436648 /* Nimble */ = {
			isa = XCSwiftPackageProductDependency;
			package = 6644362A2D7DBF3900436648 /* XCRemoteSwiftPackageReference "Nimble" */;
			productName = Nimble;
		};
/* End XCSwiftPackageProductDependency section */
	};
	rootObject = 664435AC2D7D762A00436648 /* Project object */;
}
